{
  "name": "react-app",
  "lockfileVersion": 3,
  "requires": true,
  "packages": {
    "": {
      "dependencies": {
        "@babel/runtime": "^7.1.2",
        "babel-runtime": "^6.26.0",
        "meteor-node-stubs": "^1.2.26",
        "react": "^16.0.0",
        "react-dom": "^16.0.0"
      }
    },
    "node_modules/@babel/runtime": {
      "version": "7.1.2",
      "resolved": "https://registry.npmjs.org/@babel/runtime/-/runtime-7.1.2.tgz",
      "integrity": "sha512-Y3SCjmhSupzFB6wcv1KmmFucH6gDVnI30WjOcicV10ju0cZjak3Jcs67YLIXBrmZYw1xCrVeJPbycFwrqNyxpg==",
      "dependencies": {
        "regenerator-runtime": "^0.12.0"
      }
    },
    "node_modules/@babel/runtime/node_modules/regenerator-runtime": {
      "version": "0.12.1",
      "resolved": "https://registry.npmjs.org/regenerator-runtime/-/regenerator-runtime-0.12.1.tgz",
      "integrity": "sha512-odxIc1/vDlo4iZcfXqRYFj0vpXFNoGdKMAUieAlFYO6m/nl5e9KR/beGf41z4a1FI+aQgtjhuaSlDxQ0hmkrHg=="
    },
    "node_modules/asap": {
      "version": "2.0.6",
      "resolved": "https://registry.npmjs.org/asap/-/asap-2.0.6.tgz",
      "integrity": "sha1-5QNHYR1+aQlDIIu9r+vLwvuGbUY="
    },
    "node_modules/babel-runtime": {
      "version": "6.26.0",
      "resolved": "https://registry.npmjs.org/babel-runtime/-/babel-runtime-6.26.0.tgz",
      "integrity": "sha1-llxwWGaOgrVde/4E/yM3vItWR/4=",
      "dependencies": {
        "core-js": "^2.4.0",
        "regenerator-runtime": "^0.11.0"
      }
    },
    "node_modules/core-js": {
      "version": "2.5.1",
      "resolved": "https://registry.npmjs.org/core-js/-/core-js-2.5.1.tgz",
      "integrity": "sha1-rmh03GaTd4m4B1T/VCjfZoGcpQs=",
      "deprecated": "core-js@<3.23.3 is no longer maintained and not recommended for usage due to the number of issues. Because of the V8 engine whims, feature detection in old core-js versions could cause a slowdown up to 100x even if nothing is polyfilled. Some versions have web compatibility issues. Please, upgrade your dependencies to the actual version of core-js."
    },
    "node_modules/encoding": {
      "version": "0.1.12",
      "resolved": "https://registry.npmjs.org/encoding/-/encoding-0.1.12.tgz",
      "integrity": "sha1-U4tm8+5izRq1HsMjgp0flIDHS+s=",
      "dependencies": {
        "iconv-lite": "~0.4.13"
      }
    },
    "node_modules/fbjs": {
      "version": "0.8.16",
      "resolved": "https://registry.npmjs.org/fbjs/-/fbjs-0.8.16.tgz",
      "integrity": "sha1-XmdDL1UNxBtXK/VYR7ispk5TN9s=",
      "dependencies": {
        "core-js": "^1.0.0",
        "isomorphic-fetch": "^2.1.1",
        "loose-envify": "^1.0.0",
        "object-assign": "^4.1.0",
        "promise": "^7.1.1",
        "setimmediate": "^1.0.5",
        "ua-parser-js": "^0.7.9"
      }
    },
    "node_modules/fbjs/node_modules/core-js": {
      "version": "1.2.7",
      "resolved": "https://registry.npmjs.org/core-js/-/core-js-1.2.7.tgz",
      "integrity": "sha1-ZSKUwUZR2yj6k70tX/KYOk8IxjY=",
      "deprecated": "core-js@<3.23.3 is no longer maintained and not recommended for usage due to the number of issues. Because of the V8 engine whims, feature detection in old core-js versions could cause a slowdown up to 100x even if nothing is polyfilled. Some versions have web compatibility issues. Please, upgrade your dependencies to the actual version of core-js."
    },
    "node_modules/iconv-lite": {
      "version": "0.4.19",
      "resolved": "https://registry.npmjs.org/iconv-lite/-/iconv-lite-0.4.19.tgz",
      "integrity": "sha512-oTZqweIP51xaGPI4uPa56/Pri/480R+mo7SeU+YETByQNhDG55ycFyNLIgta9vXhILrxXDmF7ZGhqZIcuN0gJQ==",
      "engines": {
        "node": ">=0.10.0"
      }
    },
    "node_modules/is-stream": {
      "version": "1.1.0",
      "resolved": "https://registry.npmjs.org/is-stream/-/is-stream-1.1.0.tgz",
      "integrity": "sha1-EtSj3U5o4Lec6428hBc66A2RykQ=",
      "engines": {
        "node": ">=0.10.0"
      }
    },
    "node_modules/isomorphic-fetch": {
      "version": "2.2.1",
      "resolved": "https://registry.npmjs.org/isomorphic-fetch/-/isomorphic-fetch-2.2.1.tgz",
      "integrity": "sha1-YRrhrPFPXoH3KVB0coGf6XM1WKk=",
      "dependencies": {
        "node-fetch": "^1.0.1",
        "whatwg-fetch": ">=0.10.0"
      }
    },
    "node_modules/js-tokens": {
      "version": "3.0.2",
      "resolved": "https://registry.npmjs.org/js-tokens/-/js-tokens-3.0.2.tgz",
      "integrity": "sha1-mGbfOVECEw449/mWvOtlRDIJwls="
    },
    "node_modules/loose-envify": {
      "version": "1.3.1",
      "resolved": "https://registry.npmjs.org/loose-envify/-/loose-envify-1.3.1.tgz",
      "integrity": "sha1-0aitM/qc4OcT1l/dCsi3SNR4yEg=",
      "dependencies": {
        "js-tokens": "^3.0.0"
      },
      "bin": {
        "loose-envify": "cli.js"
      }
    },
    "node_modules/meteor-node-stubs": {
      "version": "1.2.26",
      "resolved": "https://registry.npmjs.org/meteor-node-stubs/-/meteor-node-stubs-1.2.26.tgz",
      "integrity": "sha512-HrMFgc4s5P8g1emlIIt7DHPKDwgmhRiUumZvK21qeD6gD5FQTZxJXzT2mr9/ahAeaFVpaUGNFF7Mo4ouqBvfHg==",
      "bundleDependencies": [
        "@meteorjs/crypto-browserify",
        "assert",
        "browserify-zlib",
        "buffer",
        "console-browserify",
        "constants-browserify",
        "domain-browser",
        "events",
        "https-browserify",
        "os-browserify",
        "path-browserify",
        "process",
        "punycode",
        "querystring-es3",
        "readable-stream",
        "stream-browserify",
        "stream-http",
        "string_decoder",
        "timers-browserify",
        "tty-browserify",
        "url",
        "util",
        "vm-browserify"
      ],
      "license": "MIT",
      "dependencies": {
        "@meteorjs/crypto-browserify": "^3.12.1",
        "assert": "^2.1.0",
        "browserify-zlib": "^0.2.0",
        "buffer": "^5.7.1",
        "console-browserify": "^1.2.0",
        "constants-browserify": "^1.0.0",
        "domain-browser": "^4.23.0",
        "events": "^3.3.0",
        "https-browserify": "^1.0.0",
        "os-browserify": "^0.3.0",
        "path-browserify": "^1.0.1",
        "process": "^0.11.10",
        "punycode": "^1.4.1",
        "querystring-es3": "^0.2.1",
        "readable-stream": "^3.6.2",
        "sha.js": "^2.4.12",
        "stream-browserify": "^3.0.0",
        "stream-http": "^3.2.0",
        "string_decoder": "^1.3.0",
        "timers-browserify": "^2.0.12",
        "tty-browserify": "0.0.1",
        "url": "^0.11.4",
        "util": "^0.12.5",
        "vm-browserify": "^1.1.2"
      }
    },
    "node_modules/meteor-node-stubs/node_modules/@meteorjs/browserify-sign": {
      "version": "4.2.6",
      "inBundle": true,
      "license": "ISC",
      "dependencies": {
        "bn.js": "^5.2.1",
        "brorand": "^1.1.0",
        "browserify-rsa": "^4.1.0",
        "create-hash": "^1.2.0",
        "create-hmac": "^1.1.7",
        "hash-base": "~3.0",
        "hash.js": "^1.0.0",
        "hmac-drbg": "^1.0.1",
        "inherits": "^2.0.4",
        "minimalistic-assert": "^1.0.1",
        "minimalistic-crypto-utils": "^1.0.1",
        "parse-asn1": "^5.1.7",
        "readable-stream": "^2.3.8",
        "safe-buffer": "^5.2.1"
      },
      "engines": {
        "node": ">= 0.12"
      }
    },
    "node_modules/meteor-node-stubs/node_modules/@meteorjs/browserify-sign/node_modules/isarray": {
      "version": "1.0.0",
      "inBundle": true,
      "license": "MIT"
    },
    "node_modules/meteor-node-stubs/node_modules/@meteorjs/browserify-sign/node_modules/readable-stream": {
      "version": "2.3.8",
      "inBundle": true,
      "license": "MIT",
      "dependencies": {
        "core-util-is": "~1.0.0",
        "inherits": "~2.0.3",
        "isarray": "~1.0.0",
        "process-nextick-args": "~2.0.0",
        "safe-buffer": "~5.1.1",
        "string_decoder": "~1.1.1",
        "util-deprecate": "~1.0.1"
      }
    },
    "node_modules/meteor-node-stubs/node_modules/@meteorjs/browserify-sign/node_modules/readable-stream/node_modules/safe-buffer": {
      "version": "5.1.2",
      "inBundle": true,
      "license": "MIT"
    },
    "node_modules/meteor-node-stubs/node_modules/@meteorjs/browserify-sign/node_modules/string_decoder": {
      "version": "1.1.1",
      "inBundle": true,
      "license": "MIT",
      "dependencies": {
        "safe-buffer": "~5.1.0"
      }
    },
    "node_modules/meteor-node-stubs/node_modules/@meteorjs/browserify-sign/node_modules/string_decoder/node_modules/safe-buffer": {
      "version": "5.1.2",
      "inBundle": true,
      "license": "MIT"
    },
    "node_modules/meteor-node-stubs/node_modules/@meteorjs/create-ecdh": {
      "version": "4.0.5",
      "inBundle": true,
      "license": "MIT",
      "dependencies": {
        "bn.js": "^4.11.9",
        "brorand": "^1.1.0",
        "hash.js": "^1.0.0",
        "hmac-drbg": "^1.0.1",
        "inherits": "^2.0.4",
        "minimalistic-assert": "^1.0.1",
        "minimalistic-crypto-utils": "^1.0.1"
      }
    },
    "node_modules/meteor-node-stubs/node_modules/@meteorjs/create-ecdh/node_modules/bn.js": {
      "version": "4.12.2",
      "inBundle": true,
      "license": "MIT"
    },
    "node_modules/meteor-node-stubs/node_modules/@meteorjs/crypto-browserify": {
      "version": "3.12.4",
      "inBundle": true,
      "license": "MIT",
      "dependencies": {
        "@meteorjs/browserify-sign": "^4.2.3",
        "@meteorjs/create-ecdh": "^4.0.4",
        "browserify-cipher": "^1.0.1",
        "create-hash": "^1.2.0",
        "create-hmac": "^1.1.7",
        "diffie-hellman": "^5.0.3",
        "hash-base": "~3.0.4",
        "inherits": "^2.0.4",
        "pbkdf2": "^3.1.2",
        "public-encrypt": "^4.0.3",
        "randombytes": "^2.1.0",
        "randomfill": "^1.0.4"
      },
      "engines": {
        "node": ">= 0.10"
      },
      "funding": {
        "url": "https://github.com/sponsors/ljharb"
      }
    },
    "node_modules/meteor-node-stubs/node_modules/asn1.js": {
      "version": "4.10.1",
      "inBundle": true,
      "license": "MIT",
      "dependencies": {
        "bn.js": "^4.0.0",
        "inherits": "^2.0.1",
        "minimalistic-assert": "^1.0.0"
      }
    },
    "node_modules/meteor-node-stubs/node_modules/asn1.js/node_modules/bn.js": {
      "version": "4.12.2",
      "inBundle": true,
      "license": "MIT"
    },
    "node_modules/meteor-node-stubs/node_modules/assert": {
      "version": "2.1.0",
      "inBundle": true,
      "license": "MIT",
      "dependencies": {
        "call-bind": "^1.0.2",
        "is-nan": "^1.3.2",
        "object-is": "^1.1.5",
        "object.assign": "^4.1.4",
        "util": "^0.12.5"
      }
    },
    "node_modules/meteor-node-stubs/node_modules/available-typed-arrays": {
      "version": "1.0.7",
      "inBundle": true,
      "license": "MIT",
      "dependencies": {
        "possible-typed-array-names": "^1.0.0"
      },
      "engines": {
        "node": ">= 0.4"
      },
      "funding": {
        "url": "https://github.com/sponsors/ljharb"
      }
    },
    "node_modules/meteor-node-stubs/node_modules/base64-js": {
      "version": "1.5.1",
      "funding": [
        {
          "type": "github",
          "url": "https://github.com/sponsors/feross"
        },
        {
          "type": "patreon",
          "url": "https://www.patreon.com/feross"
        },
        {
          "type": "consulting",
          "url": "https://feross.org/support"
        }
      ],
      "inBundle": true,
      "license": "MIT"
    },
    "node_modules/meteor-node-stubs/node_modules/bn.js": {
      "version": "5.2.2",
      "inBundle": true,
      "license": "MIT"
    },
    "node_modules/meteor-node-stubs/node_modules/brorand": {
      "version": "1.1.0",
      "inBundle": true,
      "license": "MIT"
    },
    "node_modules/meteor-node-stubs/node_modules/browserify-aes": {
      "version": "1.2.0",
      "inBundle": true,
      "license": "MIT",
      "dependencies": {
        "buffer-xor": "^1.0.3",
        "cipher-base": "^1.0.0",
        "create-hash": "^1.1.0",
        "evp_bytestokey": "^1.0.3",
        "inherits": "^2.0.1",
        "safe-buffer": "^5.0.1"
      }
    },
    "node_modules/meteor-node-stubs/node_modules/browserify-cipher": {
      "version": "1.0.1",
      "inBundle": true,
      "license": "MIT",
      "dependencies": {
        "browserify-aes": "^1.0.4",
        "browserify-des": "^1.0.0",
        "evp_bytestokey": "^1.0.0"
      }
    },
    "node_modules/meteor-node-stubs/node_modules/browserify-des": {
      "version": "1.0.2",
      "inBundle": true,
      "license": "MIT",
      "dependencies": {
        "cipher-base": "^1.0.1",
        "des.js": "^1.0.0",
        "inherits": "^2.0.1",
        "safe-buffer": "^5.1.2"
      }
    },
    "node_modules/meteor-node-stubs/node_modules/browserify-rsa": {
      "version": "4.1.1",
      "inBundle": true,
      "license": "MIT",
      "dependencies": {
        "bn.js": "^5.2.1",
        "randombytes": "^2.1.0",
        "safe-buffer": "^5.2.1"
      },
      "engines": {
        "node": ">= 0.10"
      }
    },
    "node_modules/meteor-node-stubs/node_modules/browserify-zlib": {
      "version": "0.2.0",
      "inBundle": true,
      "license": "MIT",
      "dependencies": {
        "pako": "~1.0.5"
      }
    },
    "node_modules/meteor-node-stubs/node_modules/buffer": {
      "version": "5.7.1",
      "funding": [
        {
          "type": "github",
          "url": "https://github.com/sponsors/feross"
        },
        {
          "type": "patreon",
          "url": "https://www.patreon.com/feross"
        },
        {
          "type": "consulting",
          "url": "https://feross.org/support"
        }
      ],
      "inBundle": true,
      "license": "MIT",
      "dependencies": {
        "base64-js": "^1.3.1",
        "ieee754": "^1.1.13"
      }
    },
    "node_modules/meteor-node-stubs/node_modules/buffer-xor": {
      "version": "1.0.3",
      "inBundle": true,
      "license": "MIT"
    },
    "node_modules/meteor-node-stubs/node_modules/builtin-status-codes": {
      "version": "3.0.0",
      "inBundle": true,
      "license": "MIT"
    },
    "node_modules/meteor-node-stubs/node_modules/call-bind": {
      "version": "1.0.8",
      "inBundle": true,
      "license": "MIT",
      "dependencies": {
        "call-bind-apply-helpers": "^1.0.0",
        "es-define-property": "^1.0.0",
        "get-intrinsic": "^1.2.4",
        "set-function-length": "^1.2.2"
      },
      "engines": {
        "node": ">= 0.4"
      },
      "funding": {
        "url": "https://github.com/sponsors/ljharb"
      }
    },
    "node_modules/meteor-node-stubs/node_modules/call-bind-apply-helpers": {
      "version": "1.0.2",
      "inBundle": true,
      "license": "MIT",
      "dependencies": {
        "es-errors": "^1.3.0",
        "function-bind": "^1.1.2"
      },
      "engines": {
        "node": ">= 0.4"
      }
    },
    "node_modules/meteor-node-stubs/node_modules/call-bound": {
      "version": "1.0.4",
      "inBundle": true,
      "license": "MIT",
      "dependencies": {
        "call-bind-apply-helpers": "^1.0.2",
        "get-intrinsic": "^1.3.0"
      },
      "engines": {
        "node": ">= 0.4"
      },
      "funding": {
        "url": "https://github.com/sponsors/ljharb"
      }
    },
    "node_modules/meteor-node-stubs/node_modules/cipher-base": {
      "version": "1.0.6",
      "inBundle": true,
      "license": "MIT",
      "dependencies": {
        "inherits": "^2.0.4",
        "safe-buffer": "^5.2.1"
      },
      "engines": {
        "node": ">= 0.10"
      }
    },
    "node_modules/meteor-node-stubs/node_modules/console-browserify": {
      "version": "1.2.0",
      "inBundle": true
    },
    "node_modules/meteor-node-stubs/node_modules/constants-browserify": {
      "version": "1.0.0",
      "inBundle": true,
      "license": "MIT"
    },
    "node_modules/meteor-node-stubs/node_modules/core-util-is": {
      "version": "1.0.3",
      "inBundle": true,
      "license": "MIT"
    },
    "node_modules/meteor-node-stubs/node_modules/create-hash": {
      "version": "1.2.0",
      "inBundle": true,
      "license": "MIT",
      "dependencies": {
        "cipher-base": "^1.0.1",
        "inherits": "^2.0.1",
        "md5.js": "^1.3.4",
        "ripemd160": "^2.0.1",
        "sha.js": "^2.4.0"
      }
    },
    "node_modules/meteor-node-stubs/node_modules/create-hmac": {
      "version": "1.1.7",
      "inBundle": true,
      "license": "MIT",
      "dependencies": {
        "cipher-base": "^1.0.3",
        "create-hash": "^1.1.0",
        "inherits": "^2.0.1",
        "ripemd160": "^2.0.0",
        "safe-buffer": "^5.0.1",
        "sha.js": "^2.4.8"
      }
    },
    "node_modules/meteor-node-stubs/node_modules/define-data-property": {
      "version": "1.1.4",
      "inBundle": true,
      "license": "MIT",
      "dependencies": {
        "es-define-property": "^1.0.0",
        "es-errors": "^1.3.0",
        "gopd": "^1.0.1"
      },
      "engines": {
        "node": ">= 0.4"
      },
      "funding": {
        "url": "https://github.com/sponsors/ljharb"
      }
    },
    "node_modules/meteor-node-stubs/node_modules/define-properties": {
      "version": "1.2.1",
      "inBundle": true,
      "license": "MIT",
      "dependencies": {
        "define-data-property": "^1.0.1",
        "has-property-descriptors": "^1.0.0",
        "object-keys": "^1.1.1"
      },
      "engines": {
        "node": ">= 0.4"
      },
      "funding": {
        "url": "https://github.com/sponsors/ljharb"
      }
    },
    "node_modules/meteor-node-stubs/node_modules/des.js": {
      "version": "1.1.0",
      "inBundle": true,
      "license": "MIT",
      "dependencies": {
        "inherits": "^2.0.1",
        "minimalistic-assert": "^1.0.0"
      }
    },
    "node_modules/meteor-node-stubs/node_modules/diffie-hellman": {
      "version": "5.0.3",
      "inBundle": true,
      "license": "MIT",
      "dependencies": {
        "bn.js": "^4.1.0",
        "miller-rabin": "^4.0.0",
        "randombytes": "^2.0.0"
      }
    },
    "node_modules/meteor-node-stubs/node_modules/diffie-hellman/node_modules/bn.js": {
      "version": "4.12.2",
      "inBundle": true,
      "license": "MIT"
    },
    "node_modules/meteor-node-stubs/node_modules/domain-browser": {
      "version": "4.23.0",
      "inBundle": true,
      "license": "Artistic-2.0",
      "engines": {
        "node": ">=10"
      },
      "funding": {
        "url": "https://bevry.me/fund"
      }
    },
    "node_modules/meteor-node-stubs/node_modules/dunder-proto": {
      "version": "1.0.1",
      "inBundle": true,
      "license": "MIT",
      "dependencies": {
        "call-bind-apply-helpers": "^1.0.1",
        "es-errors": "^1.3.0",
        "gopd": "^1.2.0"
      },
      "engines": {
        "node": ">= 0.4"
      }
    },
    "node_modules/meteor-node-stubs/node_modules/es-define-property": {
      "version": "1.0.1",
      "inBundle": true,
      "license": "MIT",
      "engines": {
        "node": ">= 0.4"
      }
    },
    "node_modules/meteor-node-stubs/node_modules/es-errors": {
      "version": "1.3.0",
      "inBundle": true,
      "license": "MIT",
      "engines": {
        "node": ">= 0.4"
      }
    },
    "node_modules/meteor-node-stubs/node_modules/es-object-atoms": {
      "version": "1.1.1",
      "inBundle": true,
      "license": "MIT",
      "dependencies": {
        "es-errors": "^1.3.0"
      },
      "engines": {
        "node": ">= 0.4"
      }
    },
    "node_modules/meteor-node-stubs/node_modules/events": {
      "version": "3.3.0",
      "inBundle": true,
      "license": "MIT",
      "engines": {
        "node": ">=0.8.x"
      }
    },
    "node_modules/meteor-node-stubs/node_modules/evp_bytestokey": {
      "version": "1.0.3",
      "inBundle": true,
      "license": "MIT",
      "dependencies": {
        "md5.js": "^1.3.4",
        "safe-buffer": "^5.1.1"
      }
    },
    "node_modules/meteor-node-stubs/node_modules/for-each": {
      "version": "0.3.5",
      "inBundle": true,
      "license": "MIT",
      "dependencies": {
        "is-callable": "^1.2.7"
      },
      "engines": {
        "node": ">= 0.4"
      },
      "funding": {
        "url": "https://github.com/sponsors/ljharb"
      }
    },
    "node_modules/meteor-node-stubs/node_modules/function-bind": {
      "version": "1.1.2",
      "inBundle": true,
      "license": "MIT",
      "funding": {
        "url": "https://github.com/sponsors/ljharb"
      }
    },
    "node_modules/meteor-node-stubs/node_modules/get-intrinsic": {
      "version": "1.3.0",
      "inBundle": true,
      "license": "MIT",
      "dependencies": {
        "call-bind-apply-helpers": "^1.0.2",
        "es-define-property": "^1.0.1",
        "es-errors": "^1.3.0",
        "es-object-atoms": "^1.1.1",
        "function-bind": "^1.1.2",
        "get-proto": "^1.0.1",
        "gopd": "^1.2.0",
        "has-symbols": "^1.1.0",
        "hasown": "^2.0.2",
        "math-intrinsics": "^1.1.0"
      },
      "engines": {
        "node": ">= 0.4"
      },
      "funding": {
        "url": "https://github.com/sponsors/ljharb"
      }
    },
    "node_modules/meteor-node-stubs/node_modules/get-proto": {
      "version": "1.0.1",
      "inBundle": true,
      "license": "MIT",
      "dependencies": {
        "dunder-proto": "^1.0.1",
        "es-object-atoms": "^1.0.0"
      },
      "engines": {
        "node": ">= 0.4"
      }
    },
    "node_modules/meteor-node-stubs/node_modules/gopd": {
      "version": "1.2.0",
      "inBundle": true,
      "license": "MIT",
      "engines": {
        "node": ">= 0.4"
      },
      "funding": {
        "url": "https://github.com/sponsors/ljharb"
      }
    },
    "node_modules/meteor-node-stubs/node_modules/has-property-descriptors": {
      "version": "1.0.2",
      "inBundle": true,
      "license": "MIT",
      "dependencies": {
        "es-define-property": "^1.0.0"
      },
      "funding": {
        "url": "https://github.com/sponsors/ljharb"
      }
    },
    "node_modules/meteor-node-stubs/node_modules/has-symbols": {
      "version": "1.1.0",
      "inBundle": true,
      "license": "MIT",
      "engines": {
        "node": ">= 0.4"
      },
      "funding": {
        "url": "https://github.com/sponsors/ljharb"
      }
    },
    "node_modules/meteor-node-stubs/node_modules/has-tostringtag": {
      "version": "1.0.2",
      "inBundle": true,
      "license": "MIT",
      "dependencies": {
        "has-symbols": "^1.0.3"
      },
      "engines": {
        "node": ">= 0.4"
      },
      "funding": {
        "url": "https://github.com/sponsors/ljharb"
      }
    },
    "node_modules/meteor-node-stubs/node_modules/hash-base": {
      "version": "3.0.5",
      "inBundle": true,
      "license": "MIT",
      "dependencies": {
        "inherits": "^2.0.4",
        "safe-buffer": "^5.2.1"
      },
      "engines": {
        "node": ">= 0.10"
      }
    },
    "node_modules/meteor-node-stubs/node_modules/hash.js": {
      "version": "1.1.7",
      "inBundle": true,
      "license": "MIT",
      "dependencies": {
        "inherits": "^2.0.3",
        "minimalistic-assert": "^1.0.1"
      }
    },
    "node_modules/meteor-node-stubs/node_modules/hasown": {
      "version": "2.0.2",
      "inBundle": true,
      "license": "MIT",
      "dependencies": {
        "function-bind": "^1.1.2"
      },
      "engines": {
        "node": ">= 0.4"
      }
    },
    "node_modules/meteor-node-stubs/node_modules/hmac-drbg": {
      "version": "1.0.1",
      "inBundle": true,
      "license": "MIT",
      "dependencies": {
        "hash.js": "^1.0.3",
        "minimalistic-assert": "^1.0.0",
        "minimalistic-crypto-utils": "^1.0.1"
      }
    },
    "node_modules/meteor-node-stubs/node_modules/https-browserify": {
      "version": "1.0.0",
      "inBundle": true,
      "license": "MIT"
    },
    "node_modules/meteor-node-stubs/node_modules/ieee754": {
      "version": "1.2.1",
      "funding": [
        {
          "type": "github",
          "url": "https://github.com/sponsors/feross"
        },
        {
          "type": "patreon",
          "url": "https://www.patreon.com/feross"
        },
        {
          "type": "consulting",
          "url": "https://feross.org/support"
        }
      ],
      "inBundle": true,
      "license": "BSD-3-Clause"
    },
    "node_modules/meteor-node-stubs/node_modules/inherits": {
      "version": "2.0.4",
      "inBundle": true,
      "license": "ISC"
    },
    "node_modules/meteor-node-stubs/node_modules/is-arguments": {
      "version": "1.2.0",
      "inBundle": true,
      "license": "MIT",
      "dependencies": {
        "call-bound": "^1.0.2",
        "has-tostringtag": "^1.0.2"
      },
      "engines": {
        "node": ">= 0.4"
      },
      "funding": {
        "url": "https://github.com/sponsors/ljharb"
      }
    },
    "node_modules/meteor-node-stubs/node_modules/is-callable": {
      "version": "1.2.7",
      "inBundle": true,
      "license": "MIT",
      "engines": {
        "node": ">= 0.4"
      },
      "funding": {
        "url": "https://github.com/sponsors/ljharb"
      }
    },
    "node_modules/meteor-node-stubs/node_modules/is-generator-function": {
      "version": "1.1.0",
      "inBundle": true,
      "license": "MIT",
      "dependencies": {
        "call-bound": "^1.0.3",
        "get-proto": "^1.0.0",
        "has-tostringtag": "^1.0.2",
        "safe-regex-test": "^1.1.0"
      },
      "engines": {
        "node": ">= 0.4"
      },
      "funding": {
        "url": "https://github.com/sponsors/ljharb"
      }
    },
    "node_modules/meteor-node-stubs/node_modules/is-nan": {
      "version": "1.3.2",
      "inBundle": true,
      "license": "MIT",
      "dependencies": {
        "call-bind": "^1.0.0",
        "define-properties": "^1.1.3"
      },
      "engines": {
        "node": ">= 0.4"
      },
      "funding": {
        "url": "https://github.com/sponsors/ljharb"
      }
    },
    "node_modules/meteor-node-stubs/node_modules/is-regex": {
      "version": "1.2.1",
      "inBundle": true,
      "license": "MIT",
      "dependencies": {
        "call-bound": "^1.0.2",
        "gopd": "^1.2.0",
        "has-tostringtag": "^1.0.2",
        "hasown": "^2.0.2"
      },
      "engines": {
        "node": ">= 0.4"
      },
      "funding": {
        "url": "https://github.com/sponsors/ljharb"
      }
    },
    "node_modules/meteor-node-stubs/node_modules/is-typed-array": {
      "version": "1.1.15",
      "inBundle": true,
      "license": "MIT",
      "dependencies": {
        "which-typed-array": "^1.1.16"
      },
      "engines": {
        "node": ">= 0.4"
      },
      "funding": {
        "url": "https://github.com/sponsors/ljharb"
      }
    },
    "node_modules/meteor-node-stubs/node_modules/isarray": {
      "version": "2.0.5",
      "inBundle": true,
      "license": "MIT"
    },
    "node_modules/meteor-node-stubs/node_modules/math-intrinsics": {
      "version": "1.1.0",
      "inBundle": true,
      "license": "MIT",
      "engines": {
        "node": ">= 0.4"
      }
    },
    "node_modules/meteor-node-stubs/node_modules/md5.js": {
      "version": "1.3.5",
      "inBundle": true,
      "license": "MIT",
      "dependencies": {
        "hash-base": "^3.0.0",
        "inherits": "^2.0.1",
        "safe-buffer": "^5.1.2"
      }
    },
    "node_modules/meteor-node-stubs/node_modules/miller-rabin": {
      "version": "4.0.1",
      "inBundle": true,
      "license": "MIT",
      "dependencies": {
        "bn.js": "^4.0.0",
        "brorand": "^1.0.1"
      },
      "bin": {
        "miller-rabin": "bin/miller-rabin"
      }
    },
    "node_modules/meteor-node-stubs/node_modules/miller-rabin/node_modules/bn.js": {
      "version": "4.12.2",
      "inBundle": true,
      "license": "MIT"
    },
    "node_modules/meteor-node-stubs/node_modules/minimalistic-assert": {
      "version": "1.0.1",
      "inBundle": true,
      "license": "ISC"
    },
    "node_modules/meteor-node-stubs/node_modules/minimalistic-crypto-utils": {
      "version": "1.0.1",
      "inBundle": true,
      "license": "MIT"
    },
    "node_modules/meteor-node-stubs/node_modules/object-inspect": {
      "version": "1.13.4",
      "inBundle": true,
      "license": "MIT",
      "engines": {
        "node": ">= 0.4"
      },
      "funding": {
        "url": "https://github.com/sponsors/ljharb"
      }
    },
    "node_modules/meteor-node-stubs/node_modules/object-is": {
      "version": "1.1.6",
      "inBundle": true,
      "license": "MIT",
      "dependencies": {
        "call-bind": "^1.0.7",
        "define-properties": "^1.2.1"
      },
      "engines": {
        "node": ">= 0.4"
      },
      "funding": {
        "url": "https://github.com/sponsors/ljharb"
      }
    },
    "node_modules/meteor-node-stubs/node_modules/object-keys": {
      "version": "1.1.1",
      "inBundle": true,
      "license": "MIT",
      "engines": {
        "node": ">= 0.4"
      }
    },
    "node_modules/meteor-node-stubs/node_modules/object.assign": {
      "version": "4.1.7",
      "inBundle": true,
      "license": "MIT",
      "dependencies": {
        "call-bind": "^1.0.8",
        "call-bound": "^1.0.3",
        "define-properties": "^1.2.1",
        "es-object-atoms": "^1.0.0",
        "has-symbols": "^1.1.0",
        "object-keys": "^1.1.1"
      },
      "engines": {
        "node": ">= 0.4"
      },
      "funding": {
        "url": "https://github.com/sponsors/ljharb"
      }
    },
    "node_modules/meteor-node-stubs/node_modules/os-browserify": {
      "version": "0.3.0",
      "inBundle": true,
      "license": "MIT"
    },
    "node_modules/meteor-node-stubs/node_modules/pako": {
      "version": "1.0.11",
      "inBundle": true,
      "license": "(MIT AND Zlib)"
    },
    "node_modules/meteor-node-stubs/node_modules/parse-asn1": {
      "version": "5.1.7",
      "inBundle": true,
      "license": "ISC",
      "dependencies": {
        "asn1.js": "^4.10.1",
        "browserify-aes": "^1.2.0",
        "evp_bytestokey": "^1.0.3",
        "hash-base": "~3.0",
        "pbkdf2": "^3.1.2",
        "safe-buffer": "^5.2.1"
      },
      "engines": {
        "node": ">= 0.10"
      }
    },
    "node_modules/meteor-node-stubs/node_modules/path-browserify": {
      "version": "1.0.1",
      "inBundle": true,
      "license": "MIT"
    },
    "node_modules/meteor-node-stubs/node_modules/pbkdf2": {
      "version": "3.1.3",
      "inBundle": true,
      "license": "MIT",
      "dependencies": {
        "create-hash": "~1.1.3",
        "create-hmac": "^1.1.7",
        "ripemd160": "=2.0.1",
        "safe-buffer": "^5.2.1",
        "sha.js": "^2.4.11",
        "to-buffer": "^1.2.0"
      },
      "engines": {
        "node": ">=0.12"
      }
    },
    "node_modules/meteor-node-stubs/node_modules/pbkdf2/node_modules/create-hash": {
      "version": "1.1.3",
      "inBundle": true,
      "license": "MIT",
      "dependencies": {
        "cipher-base": "^1.0.1",
        "inherits": "^2.0.1",
        "ripemd160": "^2.0.0",
        "sha.js": "^2.4.0"
      }
    },
    "node_modules/meteor-node-stubs/node_modules/pbkdf2/node_modules/hash-base": {
      "version": "2.0.2",
      "inBundle": true,
      "license": "MIT",
      "dependencies": {
        "inherits": "^2.0.1"
      }
    },
    "node_modules/meteor-node-stubs/node_modules/pbkdf2/node_modules/ripemd160": {
      "version": "2.0.1",
      "inBundle": true,
      "license": "MIT",
      "dependencies": {
        "hash-base": "^2.0.0",
        "inherits": "^2.0.1"
      }
    },
    "node_modules/meteor-node-stubs/node_modules/possible-typed-array-names": {
      "version": "1.1.0",
      "inBundle": true,
      "license": "MIT",
      "engines": {
        "node": ">= 0.4"
      }
    },
    "node_modules/meteor-node-stubs/node_modules/process": {
      "version": "0.11.10",
      "inBundle": true,
      "license": "MIT",
      "engines": {
        "node": ">= 0.6.0"
      }
    },
    "node_modules/meteor-node-stubs/node_modules/process-nextick-args": {
      "version": "2.0.1",
      "inBundle": true,
      "license": "MIT"
    },
    "node_modules/meteor-node-stubs/node_modules/public-encrypt": {
      "version": "4.0.3",
      "inBundle": true,
      "license": "MIT",
      "dependencies": {
        "bn.js": "^4.1.0",
        "browserify-rsa": "^4.0.0",
        "create-hash": "^1.1.0",
        "parse-asn1": "^5.0.0",
        "randombytes": "^2.0.1",
        "safe-buffer": "^5.1.2"
      }
    },
    "node_modules/meteor-node-stubs/node_modules/public-encrypt/node_modules/bn.js": {
      "version": "4.12.2",
      "inBundle": true,
      "license": "MIT"
    },
    "node_modules/meteor-node-stubs/node_modules/punycode": {
      "version": "1.4.1",
      "inBundle": true,
      "license": "MIT"
    },
    "node_modules/meteor-node-stubs/node_modules/qs": {
      "version": "6.14.2",
      "inBundle": true,
      "license": "BSD-3-Clause",
      "dependencies": {
        "side-channel": "^1.1.0"
      },
      "engines": {
        "node": ">=0.6"
      },
      "funding": {
        "url": "https://github.com/sponsors/ljharb"
      }
    },
    "node_modules/meteor-node-stubs/node_modules/querystring-es3": {
      "version": "0.2.1",
      "inBundle": true,
      "engines": {
        "node": ">=0.4.x"
      }
    },
    "node_modules/meteor-node-stubs/node_modules/randombytes": {
      "version": "2.1.0",
      "inBundle": true,
      "license": "MIT",
      "dependencies": {
        "safe-buffer": "^5.1.0"
      }
    },
    "node_modules/meteor-node-stubs/node_modules/randomfill": {
      "version": "1.0.4",
      "inBundle": true,
      "license": "MIT",
      "dependencies": {
        "randombytes": "^2.0.5",
        "safe-buffer": "^5.1.0"
      }
    },
    "node_modules/meteor-node-stubs/node_modules/readable-stream": {
      "version": "3.6.2",
      "inBundle": true,
      "license": "MIT",
      "dependencies": {
        "inherits": "^2.0.3",
        "string_decoder": "^1.1.1",
        "util-deprecate": "^1.0.1"
      },
      "engines": {
        "node": ">= 6"
      }
    },
    "node_modules/meteor-node-stubs/node_modules/ripemd160": {
      "version": "2.0.2",
      "inBundle": true,
      "license": "MIT",
      "dependencies": {
        "hash-base": "^3.0.0",
        "inherits": "^2.0.1"
      }
    },
    "node_modules/meteor-node-stubs/node_modules/safe-buffer": {
      "version": "5.2.1",
      "funding": [
        {
          "type": "github",
          "url": "https://github.com/sponsors/feross"
        },
        {
          "type": "patreon",
          "url": "https://www.patreon.com/feross"
        },
        {
          "type": "consulting",
          "url": "https://feross.org/support"
        }
      ],
      "inBundle": true,
      "license": "MIT"
    },
    "node_modules/meteor-node-stubs/node_modules/safe-regex-test": {
      "version": "1.1.0",
      "inBundle": true,
      "license": "MIT",
      "dependencies": {
        "call-bound": "^1.0.2",
        "es-errors": "^1.3.0",
        "is-regex": "^1.2.1"
      },
      "engines": {
        "node": ">= 0.4"
      },
      "funding": {
        "url": "https://github.com/sponsors/ljharb"
      }
    },
    "node_modules/meteor-node-stubs/node_modules/set-function-length": {
      "version": "1.2.2",
      "inBundle": true,
      "license": "MIT",
      "dependencies": {
        "define-data-property": "^1.1.4",
        "es-errors": "^1.3.0",
        "function-bind": "^1.1.2",
        "get-intrinsic": "^1.2.4",
        "gopd": "^1.0.1",
        "has-property-descriptors": "^1.0.2"
      },
      "engines": {
        "node": ">= 0.4"
      }
    },
    "node_modules/meteor-node-stubs/node_modules/setimmediate": {
      "version": "1.0.5",
      "inBundle": true,
      "license": "MIT"
    },
    "node_modules/meteor-node-stubs/node_modules/sha.js": {
      "version": "2.4.12",
      "inBundle": true,
      "license": "(MIT AND BSD-3-Clause)",
      "dependencies": {
        "inherits": "^2.0.4",
        "safe-buffer": "^5.2.1",
        "to-buffer": "^1.2.0"
      },
      "bin": {
        "sha.js": "bin.js"
      },
      "engines": {
        "node": ">= 0.10"
      },
      "funding": {
        "url": "https://github.com/sponsors/ljharb"
      }
    },
    "node_modules/meteor-node-stubs/node_modules/side-channel": {
      "version": "1.1.0",
      "inBundle": true,
      "license": "MIT",
      "dependencies": {
        "es-errors": "^1.3.0",
        "object-inspect": "^1.13.3",
        "side-channel-list": "^1.0.0",
        "side-channel-map": "^1.0.1",
        "side-channel-weakmap": "^1.0.2"
      },
      "engines": {
        "node": ">= 0.4"
      },
      "funding": {
        "url": "https://github.com/sponsors/ljharb"
      }
    },
    "node_modules/meteor-node-stubs/node_modules/side-channel-list": {
      "version": "1.0.0",
      "inBundle": true,
      "license": "MIT",
      "dependencies": {
        "es-errors": "^1.3.0",
        "object-inspect": "^1.13.3"
      },
      "engines": {
        "node": ">= 0.4"
      },
      "funding": {
        "url": "https://github.com/sponsors/ljharb"
      }
    },
    "node_modules/meteor-node-stubs/node_modules/side-channel-map": {
      "version": "1.0.1",
      "inBundle": true,
      "license": "MIT",
      "dependencies": {
        "call-bound": "^1.0.2",
        "es-errors": "^1.3.0",
        "get-intrinsic": "^1.2.5",
        "object-inspect": "^1.13.3"
      },
      "engines": {
        "node": ">= 0.4"
      },
      "funding": {
        "url": "https://github.com/sponsors/ljharb"
      }
    },
    "node_modules/meteor-node-stubs/node_modules/side-channel-weakmap": {
      "version": "1.0.2",
      "inBundle": true,
      "license": "MIT",
      "dependencies": {
        "call-bound": "^1.0.2",
        "es-errors": "^1.3.0",
        "get-intrinsic": "^1.2.5",
        "object-inspect": "^1.13.3",
        "side-channel-map": "^1.0.1"
      },
      "engines": {
        "node": ">= 0.4"
      },
      "funding": {
        "url": "https://github.com/sponsors/ljharb"
      }
    },
    "node_modules/meteor-node-stubs/node_modules/stream-browserify": {
      "version": "3.0.0",
      "inBundle": true,
      "license": "MIT",
      "dependencies": {
        "inherits": "~2.0.4",
        "readable-stream": "^3.5.0"
      }
    },
    "node_modules/meteor-node-stubs/node_modules/stream-http": {
      "version": "3.2.0",
      "inBundle": true,
      "license": "MIT",
      "dependencies": {
        "builtin-status-codes": "^3.0.0",
        "inherits": "^2.0.4",
        "readable-stream": "^3.6.0",
        "xtend": "^4.0.2"
      }
    },
    "node_modules/meteor-node-stubs/node_modules/string_decoder": {
      "version": "1.3.0",
      "inBundle": true,
      "license": "MIT",
      "dependencies": {
        "safe-buffer": "~5.2.0"
      }
    },
    "node_modules/meteor-node-stubs/node_modules/timers-browserify": {
      "version": "2.0.12",
      "inBundle": true,
      "license": "MIT",
      "dependencies": {
        "setimmediate": "^1.0.4"
      },
      "engines": {
        "node": ">=0.6.0"
      }
    },
    "node_modules/meteor-node-stubs/node_modules/to-buffer": {
      "version": "1.2.1",
      "inBundle": true,
      "license": "MIT",
      "dependencies": {
        "isarray": "^2.0.5",
        "safe-buffer": "^5.2.1",
        "typed-array-buffer": "^1.0.3"
      },
      "engines": {
        "node": ">= 0.4"
      }
    },
    "node_modules/meteor-node-stubs/node_modules/tty-browserify": {
      "version": "0.0.1",
      "inBundle": true,
      "license": "MIT"
    },
    "node_modules/meteor-node-stubs/node_modules/typed-array-buffer": {
      "version": "1.0.3",
      "inBundle": true,
      "license": "MIT",
      "dependencies": {
        "call-bound": "^1.0.3",
        "es-errors": "^1.3.0",
        "is-typed-array": "^1.1.14"
      },
      "engines": {
        "node": ">= 0.4"
      }
    },
    "node_modules/meteor-node-stubs/node_modules/url": {
      "version": "0.11.4",
      "inBundle": true,
      "license": "MIT",
      "dependencies": {
        "punycode": "^1.4.1",
        "qs": "^6.12.3"
      },
      "engines": {
        "node": ">= 0.4"
      }
    },
    "node_modules/meteor-node-stubs/node_modules/util": {
      "version": "0.12.5",
      "inBundle": true,
      "license": "MIT",
      "dependencies": {
        "inherits": "^2.0.3",
        "is-arguments": "^1.0.4",
        "is-generator-function": "^1.0.7",
        "is-typed-array": "^1.1.3",
        "which-typed-array": "^1.1.2"
      }
    },
    "node_modules/meteor-node-stubs/node_modules/util-deprecate": {
      "version": "1.0.2",
      "inBundle": true,
      "license": "MIT"
    },
    "node_modules/meteor-node-stubs/node_modules/vm-browserify": {
      "version": "1.1.2",
      "inBundle": true,
      "license": "MIT"
    },
    "node_modules/meteor-node-stubs/node_modules/which-typed-array": {
      "version": "1.1.19",
      "inBundle": true,
      "license": "MIT",
      "dependencies": {
        "available-typed-arrays": "^1.0.7",
        "call-bind": "^1.0.8",
        "call-bound": "^1.0.4",
        "for-each": "^0.3.5",
        "get-proto": "^1.0.1",
        "gopd": "^1.2.0",
        "has-tostringtag": "^1.0.2"
      },
      "engines": {
        "node": ">= 0.4"
      },
      "funding": {
        "url": "https://github.com/sponsors/ljharb"
      }
    },
    "node_modules/meteor-node-stubs/node_modules/xtend": {
      "version": "4.0.2",
      "inBundle": true,
      "license": "MIT",
      "engines": {
        "node": ">=0.4"
      }
    },
    "node_modules/node-fetch": {
      "version": "1.7.3",
      "resolved": "https://registry.npmjs.org/node-fetch/-/node-fetch-1.7.3.tgz",
      "integrity": "sha512-NhZ4CsKx7cYm2vSrBAr2PvFOe6sWDf0UYLRqA6svUYg7+/TSfVAu49jYC4BvQ4Sms9SZgdqGBgroqfDhJdTyKQ==",
      "dependencies": {
        "encoding": "^0.1.11",
        "is-stream": "^1.0.1"
      }
    },
    "node_modules/object-assign": {
      "version": "4.1.1",
      "resolved": "https://registry.npmjs.org/object-assign/-/object-assign-4.1.1.tgz",
      "integrity": "sha1-IQmtx5ZYh8/AXLvUQsrIv7s2CGM=",
      "engines": {
        "node": ">=0.10.0"
      }
    },
    "node_modules/promise": {
      "version": "7.3.1",
      "resolved": "https://registry.npmjs.org/promise/-/promise-7.3.1.tgz",
      "integrity": "sha512-nolQXZ/4L+bP/UGlkfaIujX9BKxGwmQ9OT4mOt5yvy8iK1h3wqTEJCijzGANTCCl9nWjY41juyAn2K3Q1hLLTg==",
      "dependencies": {
        "asap": "~2.0.3"
      }
    },
    "node_modules/prop-types": {
      "version": "15.6.0",
      "resolved": "https://registry.npmjs.org/prop-types/-/prop-types-15.6.0.tgz",
      "integrity": "sha1-zq8IMCL8RrSjX2nhPvda7Q1jmFY=",
      "dependencies": {
        "fbjs": "^0.8.16",
        "loose-envify": "^1.3.1",
        "object-assign": "^4.1.1"
      }
    },
    "node_modules/react": {
      "version": "16.0.0",
      "resolved": "https://registry.npmjs.org/react/-/react-16.0.0.tgz",
      "integrity": "sha1-zn348ZQbA28Cssyp29DLHw6FXi0=",
      "dependencies": {
        "fbjs": "^0.8.16",
        "loose-envify": "^1.1.0",
        "object-assign": "^4.1.1",
        "prop-types": "^15.6.0"
      },
      "engines": {
        "node": ">=0.10.0"
      }
    },
    "node_modules/react-dom": {
      "version": "16.0.0",
      "resolved": "https://registry.npmjs.org/react-dom/-/react-dom-16.0.0.tgz",
      "integrity": "sha1-nMMHnD3NcNTG4BuEqrKn40wwP1g=",
      "deprecated": "This version of react-dom/server contains a minor vulnerability. Please update react-dom to 16.0.1 or 16.4.2+. Learn more: https://fb.me/cve-2018-6341",
      "dependencies": {
        "fbjs": "^0.8.16",
        "loose-envify": "^1.1.0",
        "object-assign": "^4.1.1",
        "prop-types": "^15.6.0"
      },
      "peerDependencies": {
        "react": "^16.0.0-beta.5"
      }
    },
    "node_modules/regenerator-runtime": {
      "version": "0.11.0",
      "resolved": "https://registry.npmjs.org/regenerator-runtime/-/regenerator-runtime-0.11.0.tgz",
      "integrity": "sha512-/aA0kLeRb5N9K0d4fw7ooEbI+xDe+DKD499EQqygGqeS8N3xto15p09uY2xj7ixP81sNPXvRLnAQIqdVStgb1A=="
    },
    "node_modules/setimmediate": {
      "version": "1.0.5",
      "resolved": "https://registry.npmjs.org/setimmediate/-/setimmediate-1.0.5.tgz",
      "integrity": "sha1-KQy7Iy4waULX1+qbg3Mqt4VvgoU="
    },
    "node_modules/ua-parser-js": {
      "version": "0.7.17",
      "resolved": "https://registry.npmjs.org/ua-parser-js/-/ua-parser-js-0.7.17.tgz",
      "integrity": "sha512-uRdSdu1oA1rncCQL7sCj8vSyZkgtL7faaw9Tc9rZ3mGgraQ7+Pdx7w5mnOSF3gw9ZNG6oc+KXfkon3bKuROm0g==",
      "deprecated": "You are using an outdated version of ua-parser-js. Please update to ua-parser-js v0.7.33 / v1.0.33 / v2.0.0 (or later) to avoid ReDoS vulnerability [CVE-2022-25927](https://github.com/advisories/GHSA-fhg7-m89q-25r3)",
      "engines": {
        "node": "*"
      }
    },
    "node_modules/whatwg-fetch": {
      "version": "2.0.3",
      "resolved": "https://registry.npmjs.org/whatwg-fetch/-/whatwg-fetch-2.0.3.tgz",
      "integrity": "sha1-nITsLc9oGH/wC8ZOEnS0QhduHIQ="
    }
  }
}
